
Microsoft Visual Studio Solution File, Format Version 12.00
# Visual Studio 15
VisualStudioVersion = 15.0.28010.2048
MinimumVisualStudioVersion = 10.0.40219.1
Project("{FAE04EC0-301F-11D3-BF4B-00C04F79EFBC}") = "Checkpoint03", "Checkpoint03\Checkpoint03.csproj", "{972B25EA-02BC-4A88-94EE-D79853949DBD}"
EndProject
Project("{FAE04EC0-301F-11D3-BF4B-00C04F79EFBC}") = "ProgramTest", "ProgramTest\ProgramTest.csproj", "{D55A0AC3-EA74-4172-B145-86B685D46B0F}"
EndProject
Global
	GlobalSection(SolutionConfigurationPlatforms) = preSolution
		Debug|Any CPU = Debug|Any CPU
		Release|Any CPU = Release|Any CPU
	EndGlobalSection
	GlobalSection(ProjectConfigurationPlatforms) = postSolution
		{972B25EA-02BC-4A88-94EE-D79853949DBD}.Debug|Any CPU.ActiveCfg = Debug|Any CPU
		{972B25EA-02BC-4A88-94EE-D79853949DBD}.Debug|Any CPU.Build.0 = Debug|Any CPU
		{972B25EA-02BC-4A88-94EE-D79853949DBD}.Release|Any CPU.ActiveCfg = Release|Any CPU
		{972B25EA-02BC-4A88-94EE-D79853949DBD}.Release|Any CPU.Build.0 = Release|Any CPU
		{D55A0AC3-EA74-4172-B145-86B685D46B0F}.Debug|Any CPU.ActiveCfg = Debug|Any CPU
		{D55A0AC3-EA74-4172-B145-86B685D46B0F}.Debug|Any CPU.Build.0 = Debug|Any CPU
		{D55A0AC3-EA74-4172-B145-86B685D46B0F}.Release|Any CPU.ActiveCfg = Release|Any CPU
		{D55A0AC3-EA74-4172-B145-86B685D46B0F}.Release|Any CPU.Build.0 = Release|Any CPU
	EndGlobalSection
	GlobalSection(SolutionProperties) = preSolution
		HideSolutionNode = FALSE
	EndGlobalSection
	GlobalSection(ExtensibilityGlobals) = postSolution
		SolutionGuid = {ADF48846-A7E7-4FF8-83E6-29179E3CCD51}
	EndGlobalSection
EndGlobal
